{
  "name": "@majobot/twitch-platform-client",
  "version": "0.1.0",
  "lockfileVersion": 1,
  "requires": true,
  "dependencies": {
    "@majobot/api": {
      "version": "0.5.0",
      "resolved": "https://registry.npmjs.org/@majobot/api/-/api-0.5.0.tgz",
      "integrity": "sha512-Scvq6wI6G+FgcHWwr0n4sp+scQuXwpyLWYLMfbi6nzmxZ86lUDTptFAVTJe98mhgI94IbmPV/ZVBVgK9gYh02A==",
      "dev": true
    },
    "@types/node": {
      "version": "10.12.18",
      "resolved": "https://registry.npmjs.org/@types/node/-/node-10.12.18.tgz",
      "integrity": "sha512-fh+pAqt4xRzPfqA6eh3Z2y6fyZavRIumvjhaCL753+TVkGKGhpPeyrJG2JftD0T9q4GF00KjefsQ+PQNDdWQaQ==",
      "dev": true
    }
  }
}
